
Microsoft Visual Studio Solution File, Format Version 12.00
# Visual Studio Version 17
VisualStudioVersion = 17.5.002.0
MinimumVisualStudioVersion = 10.0.40219.1
Project("{9A19103F-16F7-4668-BE54-9A1E7A4F7556}") = "Application", "Application.csproj", "{A1F3E0A4-F448-49A9-8DC8-DF356CDF403C}"
EndProject
Global
	GlobalSection(SolutionConfigurationPlatforms) = preSolution
		Debug|Any CPU = Debug|Any CPU
		Release|Any CPU = Release|Any CPU
	EndGlobalSection
	GlobalSection(ProjectConfigurationPlatforms) = postSolution
		{A1F3E0A4-F448-49A9-8DC8-DF356CDF403C}.Debug|Any CPU.ActiveCfg = Debug|Any CPU
		{A1F3E0A4-F448-49A9-8DC8-DF356CDF403C}.Debug|Any CPU.Build.0 = Debug|Any CPU
		{A1F3E0A4-F448-49A9-8DC8-DF356CDF403C}.Release|Any CPU.ActiveCfg = Release|Any CPU
		{A1F3E0A4-F448-49A9-8DC8-DF356CDF403C}.Release|Any CPU.Build.0 = Release|Any CPU
	EndGlobalSection
	GlobalSection(SolutionProperties) = preSolution
		HideSolutionNode = FALSE
	EndGlobalSection
	GlobalSection(ExtensibilityGlobals) = postSolution
		SolutionGuid = {6E015AB2-60DA-4F5F-B068-48A8AF899639}
	EndGlobalSection
EndGlobal
